// !$*UTF8*$!
{
	archiveVersion = 1;
	classes = {
	};
	objectVersion = 46;
	objects = {

/* Begin PBXBuildFile section */
		5D03A36A1CC994B700329057 /* cursor.cpp in Sources */ = {isa = PBXBuildFile; fileRef = 5D03A3691CC994B700329057 /* cursor.cpp */; };
		5D1DFFFA1CD88FEB00B4C91B /* slider.cpp in Sources */ = {isa = PBXBuildFile; fileRef = 5D4E9F091CC1BFEB00239DAE /* slider.cpp */; };
		5D1DFFFB1CD8901500B4C91B /* layer.cpp in Sources */ = {isa = PBXBuildFile; fileRef = 5D4E9F0B1CC1C87600239DAE /* layer.cpp */; };
		5D1DFFFC1CD892E300B4C91B /* text.cpp in Sources */ = {isa = PBXBuildFile; fileRef = 5D809D241CC3BA7E005EE2D2 /* text.cpp */; };
		5D1DFFFE1CD8958E00B4C91B /* button.cpp in Sources */ = {isa = PBXBuildFile; fileRef = 5DEBD3E51CC8494F00B3EA86 /* button.cpp */; };
		5D1DFFFF1CD8B01600B4C91B /* port.cpp in Sources */ = {isa = PBXBuildFile; fileRef = 5DAFFF3E1CCC2BEC00C94683 /* port.cpp */; };
		5D23FF881CEE848D0053FE7A /* knob.cpp in Sources */ = {isa = PBXBuildFile; fileRef = 5DF8A6501CE9DD6E00EBF7CC /* knob.cpp */; };
		5D2EC9EE1CBB0D1A00ACB621 /* rect.cpp in Sources */ = {isa = PBXBuildFile; fileRef = 5D2EC9EB1CBB0D1A00ACB621 /* rect.cpp */; };
		5D2EC9F01CBB0D1A00ACB621 /* window.cpp in Sources */ = {isa = PBXBuildFile; fileRef = 5D2EC9ED1CBB0D1A00ACB621 /* window.cpp */; };
		5D2EC9F21CBB1AA300ACB621 /* app.cpp in Sources */ = {isa = PBXBuildFile; fileRef = 5D2EC9F11CBB1AA300ACB621 /* app.cpp */; };
		5D3EC3A61CD81F0900BE5E6B /* tile.cpp in Sources */ = {isa = PBXBuildFile; fileRef = 5D0E99031CBE63BA009B943D /* tile.cpp */; };
		5D4E9F0E1CC2319000239DAE /* context.cpp in Sources */ = {isa = PBXBuildFile; fileRef = 5D4E9F0D1CC2319000239DAE /* context.cpp */; };
		5D50AAF11CBCA21200C53185 /* libglfw3.a in Frameworks */ = {isa = PBXBuildFile; fileRef = 5D50AAF01CBCA21200C53185 /* libglfw3.a */; };
		5D50AAFB1CBCA60C00C53185 /* Cocoa.framework in Frameworks */ = {isa = PBXBuildFile; fileRef = 5D50AAFA1CBCA60C00C53185 /* Cocoa.framework */; };
		5D50AAFD1CBCA61C00C53185 /* IOKit.framework in Frameworks */ = {isa = PBXBuildFile; fileRef = 5D50AAFC1CBCA61C00C53185 /* IOKit.framework */; };
		5D50AAFE1CBCA62400C53185 /* CoreVideo.framework in Frameworks */ = {isa = PBXBuildFile; fileRef = 5D50AAF61CBCA35100C53185 /* CoreVideo.framework */; };
		5D50AB001CBCA6C200C53185 /* Carbon.framework in Frameworks */ = {isa = PBXBuildFile; fileRef = 5D50AAFF1CBCA6C100C53185 /* Carbon.framework */; };
		5D52EE111CF03C030004CC61 /* drawing.cpp in Sources */ = {isa = PBXBuildFile; fileRef = 5D52EE101CF03C030004CC61 /* drawing.cpp */; };
		5D52EE131CF03C120004CC61 /* drawing.hpp in Headers */ = {isa = PBXBuildFile; fileRef = 5D52EE121CF03C120004CC61 /* drawing.hpp */; };
		5D52EE151CF03EAD0004CC61 /* basic.cpp in Sources */ = {isa = PBXBuildFile; fileRef = 5D52EE141CF03EAD0004CC61 /* basic.cpp */; };
		5D52EE161CF03EB20004CC61 /* basic.cpp in Sources */ = {isa = PBXBuildFile; fileRef = 5D52EE141CF03EAD0004CC61 /* basic.cpp */; };
		5D83CFE11CE353200009D9F3 /* rect.cpp in Sources */ = {isa = PBXBuildFile; fileRef = 5D2EC9EB1CBB0D1A00ACB621 /* rect.cpp */; };
		5D83CFE21CE353200009D9F3 /* window.cpp in Sources */ = {isa = PBXBuildFile; fileRef = 5D2EC9ED1CBB0D1A00ACB621 /* window.cpp */; };
		5D83CFE31CE353200009D9F3 /* app.cpp in Sources */ = {isa = PBXBuildFile; fileRef = 5D2EC9F11CBB1AA300ACB621 /* app.cpp */; };
		5D83CFE41CE353200009D9F3 /* theme.cpp in Sources */ = {isa = PBXBuildFile; fileRef = 5DAE365C1CC047CE0077B3D4 /* theme.cpp */; };
		5D83CFE51CE353200009D9F3 /* context.cpp in Sources */ = {isa = PBXBuildFile; fileRef = 5D4E9F0D1CC2319000239DAE /* context.cpp */; };
		5D83CFE61CE353200009D9F3 /* cursor.cpp in Sources */ = {isa = PBXBuildFile; fileRef = 5D03A3691CC994B700329057 /* cursor.cpp */; };
		5D83CFE71CE353260009D9F3 /* text.cpp in Sources */ = {isa = PBXBuildFile; fileRef = 5D809D241CC3BA7E005EE2D2 /* text.cpp */; };
		5D83CFE81CE353260009D9F3 /* widget.cpp in Sources */ = {isa = PBXBuildFile; fileRef = 5D8733F61CBB8B5C0003E9DD /* widget.cpp */; };
		5D83CFEA1CE353260009D9F3 /* tile.cpp in Sources */ = {isa = PBXBuildFile; fileRef = 5D0E99031CBE63BA009B943D /* tile.cpp */; };
		5D83CFED1CE353260009D9F3 /* slider.cpp in Sources */ = {isa = PBXBuildFile; fileRef = 5D4E9F091CC1BFEB00239DAE /* slider.cpp */; };
		5D83CFEE1CE353260009D9F3 /* layer.cpp in Sources */ = {isa = PBXBuildFile; fileRef = 5D4E9F0B1CC1C87600239DAE /* layer.cpp */; };
		5D83CFEF1CE353260009D9F3 /* button.cpp in Sources */ = {isa = PBXBuildFile; fileRef = 5DEBD3E51CC8494F00B3EA86 /* button.cpp */; };
		5D83CFF01CE353260009D9F3 /* image.cpp in Sources */ = {isa = PBXBuildFile; fileRef = 5DAFFF3B1CCC220B00C94683 /* image.cpp */; };
		5D83CFF11CE353260009D9F3 /* port.cpp in Sources */ = {isa = PBXBuildFile; fileRef = 5DAFFF3E1CCC2BEC00C94683 /* port.cpp */; };
		5D8733F71CBB8B5C0003E9DD /* widget.cpp in Sources */ = {isa = PBXBuildFile; fileRef = 5D8733F61CBB8B5C0003E9DD /* widget.cpp */; };
		5DAE365D1CC047CE0077B3D4 /* theme.cpp in Sources */ = {isa = PBXBuildFile; fileRef = 5DAE365C1CC047CE0077B3D4 /* theme.cpp */; };
		5DAFFF3C1CCC220B00C94683 /* image.cpp in Sources */ = {isa = PBXBuildFile; fileRef = 5DAFFF3B1CCC220B00C94683 /* image.cpp */; };
		5DE7F50E1CC06586009293EB /* test.cpp in Sources */ = {isa = PBXBuildFile; fileRef = 5DEB938A1CB9C42B001DFB55 /* test.cpp */; };
		5DEB936D1CB9B98A001DFB55 /* OpenGL.framework in Frameworks */ = {isa = PBXBuildFile; fileRef = 5DEB936C1CB9B98A001DFB55 /* OpenGL.framework */; };
		5DEB93861CB9BFAD001DFB55 /* nanovg.c in Sources */ = {isa = PBXBuildFile; fileRef = 5DEB93851CB9BFAD001DFB55 /* nanovg.c */; };
		5DF8A6511CE9DD6E00EBF7CC /* knob.cpp in Sources */ = {isa = PBXBuildFile; fileRef = 5DF8A6501CE9DD6E00EBF7CC /* knob.cpp */; };
		5DF8A6531CE9ED7B00EBF7CC /* knob.hpp in Headers */ = {isa = PBXBuildFile; fileRef = 5DF8A6521CE9ED7B00EBF7CC /* knob.hpp */; };
/* End PBXBuildFile section */

/* Begin PBXCopyFilesBuildPhase section */
		5DEB935E1CB9B84D001DFB55 /* CopyFiles */ = {
			isa = PBXCopyFilesBuildPhase;
			buildActionMask = 2147483647;
			dstPath = /usr/share/man/man1/;
			dstSubfolderSpec = 0;
			files = (
			);
			runOnlyForDeploymentPostprocessing = 1;
		};
/* End PBXCopyFilesBuildPhase section */

/* Begin PBXFileReference section */
		5D03A3691CC994B700329057 /* cursor.cpp */ = {isa = PBXFileReference; fileEncoding = 4; lastKnownFileType = sourcecode.cpp.cpp; path = cursor.cpp; sourceTree = "<group>"; };
		5D03A36B1CC994C500329057 /* cursor.hpp */ = {isa = PBXFileReference; fileEncoding = 4; lastKnownFileType = sourcecode.cpp.h; path = cursor.hpp; sourceTree = "<group>"; };
		5D0E99031CBE63BA009B943D /* tile.cpp */ = {isa = PBXFileReference; fileEncoding = 4; lastKnownFileType = sourcecode.cpp.cpp; path = tile.cpp; sourceTree = "<group>"; };
		5D1DFFFD1CD8946E00B4C91B /* icon.hpp */ = {isa = PBXFileReference; lastKnownFileType = sourcecode.cpp.h; path = icon.hpp; sourceTree = "<group>"; };
		5D2EC9EB1CBB0D1A00ACB621 /* rect.cpp */ = {isa = PBXFileReference; fileEncoding = 4; lastKnownFileType = sourcecode.cpp.cpp; lineEnding = 1; path = rect.cpp; sourceTree = "<group>"; xcLanguageSpecificationIdentifier = xcode.lang.cpp; };
		5D2EC9ED1CBB0D1A00ACB621 /* window.cpp */ = {isa = PBXFileReference; fileEncoding = 4; lastKnownFileType = sourcecode.cpp.cpp; lineEnding = 0; path = window.cpp; sourceTree = "<group>"; xcLanguageSpecificationIdentifier = xcode.lang.cpp; };
		5D2EC9F11CBB1AA300ACB621 /* app.cpp */ = {isa = PBXFileReference; fileEncoding = 4; lastKnownFileType = sourcecode.cpp.cpp; path = app.cpp; sourceTree = "<group>"; };
		5D4E9F091CC1BFEB00239DAE /* slider.cpp */ = {isa = PBXFileReference; fileEncoding = 4; lastKnownFileType = sourcecode.cpp.cpp; path = slider.cpp; sourceTree = "<group>"; };
		5D4E9F0B1CC1C87600239DAE /* layer.cpp */ = {isa = PBXFileReference; fileEncoding = 4; lastKnownFileType = sourcecode.cpp.cpp; lineEnding = 0; path = layer.cpp; sourceTree = "<group>"; xcLanguageSpecificationIdentifier = xcode.lang.cpp; };
		5D4E9F0D1CC2319000239DAE /* context.cpp */ = {isa = PBXFileReference; fileEncoding = 4; lastKnownFileType = sourcecode.cpp.cpp; path = context.cpp; sourceTree = "<group>"; };
		5D50AAF01CBCA21200C53185 /* libglfw3.a */ = {isa = PBXFileReference; lastKnownFileType = archive.ar; name = libglfw3.a; path = /usr/local/lib/libglfw3.a; sourceTree = "<absolute>"; };
		5D50AAF21CBCA2E000C53185 /* CoreFoundation.framework */ = {isa = PBXFileReference; lastKnownFileType = wrapper.framework; name = CoreFoundation.framework; path = System/Library/Frameworks/CoreFoundation.framework; sourceTree = SDKROOT; };
		5D50AAF41CBCA32F00C53185 /* CoreGraphics.framework */ = {isa = PBXFileReference; lastKnownFileType = wrapper.framework; name = CoreGraphics.framework; path = System/Library/Frameworks/CoreGraphics.framework; sourceTree = SDKROOT; };
		5D50AAF61CBCA35100C53185 /* CoreVideo.framework */ = {isa = PBXFileReference; lastKnownFileType = wrapper.framework; name = CoreVideo.framework; path = System/Library/Frameworks/CoreVideo.framework; sourceTree = SDKROOT; };
		5D50AAF81CBCA40F00C53185 /* Foundation.framework */ = {isa = PBXFileReference; lastKnownFileType = wrapper.framework; name = Foundation.framework; path = System/Library/Frameworks/Foundation.framework; sourceTree = SDKROOT; };
		5D50AAFA1CBCA60C00C53185 /* Cocoa.framework */ = {isa = PBXFileReference; lastKnownFileType = wrapper.framework; name = Cocoa.framework; path = System/Library/Frameworks/Cocoa.framework; sourceTree = SDKROOT; };
		5D50AAFC1CBCA61C00C53185 /* IOKit.framework */ = {isa = PBXFileReference; lastKnownFileType = wrapper.framework; name = IOKit.framework; path = System/Library/Frameworks/IOKit.framework; sourceTree = SDKROOT; };
		5D50AAFF1CBCA6C100C53185 /* Carbon.framework */ = {isa = PBXFileReference; lastKnownFileType = wrapper.framework; name = Carbon.framework; path = System/Library/Frameworks/Carbon.framework; sourceTree = SDKROOT; };
		5D52EE101CF03C030004CC61 /* drawing.cpp */ = {isa = PBXFileReference; fileEncoding = 4; lastKnownFileType = sourcecode.cpp.cpp; path = drawing.cpp; sourceTree = "<group>"; };
		5D52EE121CF03C120004CC61 /* drawing.hpp */ = {isa = PBXFileReference; fileEncoding = 4; lastKnownFileType = sourcecode.cpp.h; path = drawing.hpp; sourceTree = "<group>"; };
		5D52EE141CF03EAD0004CC61 /* basic.cpp */ = {isa = PBXFileReference; fileEncoding = 4; lastKnownFileType = sourcecode.cpp.cpp; name = basic.cpp; path = ../../../src/widget/basic.cpp; sourceTree = "<group>"; };
		5D6B28071CC8E0CA0034248D /* button.hpp */ = {isa = PBXFileReference; fileEncoding = 4; lastKnownFileType = sourcecode.cpp.h; lineEnding = 0; path = button.hpp; sourceTree = "<group>"; xcLanguageSpecificationIdentifier = xcode.lang.cpp; };
		5D736D9A1CCF8C4D006A2B3E /* port.hpp */ = {isa = PBXFileReference; lastKnownFileType = sourcecode.cpp.h; lineEnding = 0; path = port.hpp; sourceTree = "<group>"; xcLanguageSpecificationIdentifier = xcode.lang.cpp; };
		5D809D111CC3AA97005EE2D2 /* app.hpp */ = {isa = PBXFileReference; fileEncoding = 4; lastKnownFileType = sourcecode.cpp.h; path = app.hpp; sourceTree = "<group>"; };
		5D809D121CC3AA97005EE2D2 /* circle.hpp */ = {isa = PBXFileReference; fileEncoding = 4; lastKnownFileType = sourcecode.cpp.h; path = circle.hpp; sourceTree = "<group>"; };
		5D809D131CC3AA97005EE2D2 /* color.hpp */ = {isa = PBXFileReference; fileEncoding = 4; lastKnownFileType = sourcecode.cpp.h; lineEnding = 1; path = color.hpp; sourceTree = "<group>"; xcLanguageSpecificationIdentifier = xcode.lang.cpp; };
		5D809D141CC3AA97005EE2D2 /* context.hpp */ = {isa = PBXFileReference; fileEncoding = 4; lastKnownFileType = sourcecode.cpp.h; lineEnding = 1; path = context.hpp; sourceTree = "<group>"; xcLanguageSpecificationIdentifier = xcode.lang.cpp; };
		5D809D151CC3AA97005EE2D2 /* point.hpp */ = {isa = PBXFileReference; fileEncoding = 4; lastKnownFileType = sourcecode.cpp.h; lineEnding = 1; path = point.hpp; sourceTree = "<group>"; xcLanguageSpecificationIdentifier = xcode.lang.cpp; };
		5D809D161CC3AA97005EE2D2 /* rect.hpp */ = {isa = PBXFileReference; fileEncoding = 4; lastKnownFileType = sourcecode.cpp.h; lineEnding = 1; path = rect.hpp; sourceTree = "<group>"; xcLanguageSpecificationIdentifier = xcode.lang.cpp; };
		5D809D171CC3AA97005EE2D2 /* support.hpp */ = {isa = PBXFileReference; fileEncoding = 4; lastKnownFileType = sourcecode.cpp.h; path = support.hpp; sourceTree = "<group>"; };
		5D809D181CC3AA97005EE2D2 /* theme.hpp */ = {isa = PBXFileReference; fileEncoding = 4; lastKnownFileType = sourcecode.cpp.h; lineEnding = 0; path = theme.hpp; sourceTree = "<group>"; xcLanguageSpecificationIdentifier = xcode.lang.cpp; };
		5D809D1A1CC3AA97005EE2D2 /* align.hpp */ = {isa = PBXFileReference; fileEncoding = 4; lastKnownFileType = sourcecode.cpp.h; path = align.hpp; sourceTree = "<group>"; };
		5D809D1B1CC3AA97005EE2D2 /* text.hpp */ = {isa = PBXFileReference; fileEncoding = 4; lastKnownFileType = sourcecode.cpp.h; lineEnding = 0; path = text.hpp; sourceTree = "<group>"; xcLanguageSpecificationIdentifier = xcode.lang.cpp; };
		5D809D1C1CC3AA97005EE2D2 /* layer.hpp */ = {isa = PBXFileReference; fileEncoding = 4; lastKnownFileType = sourcecode.cpp.h; lineEnding = 0; path = layer.hpp; sourceTree = "<group>"; xcLanguageSpecificationIdentifier = xcode.lang.cpp; };
		5D809D1D1CC3AA97005EE2D2 /* margin.hpp */ = {isa = PBXFileReference; fileEncoding = 4; lastKnownFileType = sourcecode.cpp.h; lineEnding = 0; path = margin.hpp; sourceTree = "<group>"; xcLanguageSpecificationIdentifier = xcode.lang.cpp; };
		5D809D1E1CC3AA97005EE2D2 /* basic.hpp */ = {isa = PBXFileReference; fileEncoding = 4; lastKnownFileType = sourcecode.cpp.h; path = basic.hpp; sourceTree = "<group>"; };
		5D809D1F1CC3AA97005EE2D2 /* size.hpp */ = {isa = PBXFileReference; fileEncoding = 4; lastKnownFileType = sourcecode.cpp.h; path = size.hpp; sourceTree = "<group>"; };
		5D809D201CC3AA97005EE2D2 /* slider.hpp */ = {isa = PBXFileReference; fileEncoding = 4; lastKnownFileType = sourcecode.cpp.h; path = slider.hpp; sourceTree = "<group>"; };
		5D809D211CC3AA97005EE2D2 /* tile.hpp */ = {isa = PBXFileReference; fileEncoding = 4; lastKnownFileType = sourcecode.cpp.h; path = tile.hpp; sourceTree = "<group>"; };
		5D809D221CC3AA97005EE2D2 /* widget.hpp */ = {isa = PBXFileReference; fileEncoding = 4; lastKnownFileType = sourcecode.cpp.h; lineEnding = 0; path = widget.hpp; sourceTree = "<group>"; xcLanguageSpecificationIdentifier = xcode.lang.cpp; };
		5D809D231CC3AA97005EE2D2 /* window.hpp */ = {isa = PBXFileReference; fileEncoding = 4; lastKnownFileType = sourcecode.cpp.h; lineEnding = 0; path = window.hpp; sourceTree = "<group>"; xcLanguageSpecificationIdentifier = xcode.lang.cpp; };
		5D809D241CC3BA7E005EE2D2 /* text.cpp */ = {isa = PBXFileReference; fileEncoding = 4; lastKnownFileType = sourcecode.cpp.cpp; lineEnding = 0; path = text.cpp; sourceTree = "<group>"; xcLanguageSpecificationIdentifier = xcode.lang.cpp; };
		5D83CFDD1CE353020009D9F3 /* libphoton_lib.a */ = {isa = PBXFileReference; explicitFileType = archive.ar; includeInIndex = 0; path = libphoton_lib.a; sourceTree = BUILT_PRODUCTS_DIR; };
		5D8733F61CBB8B5C0003E9DD /* widget.cpp */ = {isa = PBXFileReference; fileEncoding = 4; lastKnownFileType = sourcecode.cpp.cpp; lineEnding = 0; path = widget.cpp; sourceTree = "<group>"; xcLanguageSpecificationIdentifier = xcode.lang.cpp; };
		5DAE365C1CC047CE0077B3D4 /* theme.cpp */ = {isa = PBXFileReference; fileEncoding = 4; lastKnownFileType = sourcecode.cpp.cpp; lineEnding = 0; path = theme.cpp; sourceTree = "<group>"; xcLanguageSpecificationIdentifier = xcode.lang.cpp; };
		5DAFFF3B1CCC220B00C94683 /* image.cpp */ = {isa = PBXFileReference; fileEncoding = 4; lastKnownFileType = sourcecode.cpp.cpp; path = image.cpp; sourceTree = "<group>"; };
		5DAFFF3D1CCC221500C94683 /* image.hpp */ = {isa = PBXFileReference; lastKnownFileType = sourcecode.cpp.h; path = image.hpp; sourceTree = "<group>"; };
		5DAFFF3E1CCC2BEC00C94683 /* port.cpp */ = {isa = PBXFileReference; fileEncoding = 4; lastKnownFileType = sourcecode.cpp.cpp; lineEnding = 0; path = port.cpp; sourceTree = "<group>"; xcLanguageSpecificationIdentifier = xcode.lang.cpp; };
		5DB082F91CD239C600C12B80 /* key.hpp */ = {isa = PBXFileReference; lastKnownFileType = sourcecode.cpp.h; path = key.hpp; sourceTree = "<group>"; };
		5DEB93601CB9B84D001DFB55 /* photon_gui */ = {isa = PBXFileReference; explicitFileType = "compiled.mach-o.executable"; includeInIndex = 0; path = photon_gui; sourceTree = BUILT_PRODUCTS_DIR; };
		5DEB936C1CB9B98A001DFB55 /* OpenGL.framework */ = {isa = PBXFileReference; lastKnownFileType = wrapper.framework; name = OpenGL.framework; path = System/Library/Frameworks/OpenGL.framework; sourceTree = SDKROOT; };
		5DEB93851CB9BFAD001DFB55 /* nanovg.c */ = {isa = PBXFileReference; fileEncoding = 4; lastKnownFileType = sourcecode.c.c; name = nanovg.c; path = ../../libs/nanovg/src/nanovg.c; sourceTree = "<group>"; };
		5DEB938A1CB9C42B001DFB55 /* test.cpp */ = {isa = PBXFileReference; fileEncoding = 4; lastKnownFileType = sourcecode.cpp.cpp; path = test.cpp; sourceTree = "<group>"; };
		5DEBD3E51CC8494F00B3EA86 /* button.cpp */ = {isa = PBXFileReference; fileEncoding = 4; lastKnownFileType = sourcecode.cpp.cpp; lineEnding = 0; path = button.cpp; sourceTree = "<group>"; xcLanguageSpecificationIdentifier = xcode.lang.cpp; };
		5DF6B0261CDA9B6500B1C2EA /* canvas.hpp */ = {isa = PBXFileReference; lastKnownFileType = sourcecode.cpp.h; lineEnding = 1; path = canvas.hpp; sourceTree = "<group>"; xcLanguageSpecificationIdentifier = xcode.lang.cpp; };
		5DF8A6501CE9DD6E00EBF7CC /* knob.cpp */ = {isa = PBXFileReference; fileEncoding = 4; lastKnownFileType = sourcecode.cpp.cpp; path = knob.cpp; sourceTree = "<group>"; };
		5DF8A6521CE9ED7B00EBF7CC /* knob.hpp */ = {isa = PBXFileReference; fileEncoding = 4; lastKnownFileType = sourcecode.cpp.h; path = knob.hpp; sourceTree = "<group>"; };
/* End PBXFileReference section */

/* Begin PBXFrameworksBuildPhase section */
		5D83CFDA1CE353020009D9F3 /* Frameworks */ = {
			isa = PBXFrameworksBuildPhase;
			buildActionMask = 2147483647;
			files = (
			);
			runOnlyForDeploymentPostprocessing = 0;
		};
		5DEB935D1CB9B84D001DFB55 /* Frameworks */ = {
			isa = PBXFrameworksBuildPhase;
			buildActionMask = 2147483647;
			files = (
				5D50AB001CBCA6C200C53185 /* Carbon.framework in Frameworks */,
				5D50AAFE1CBCA62400C53185 /* CoreVideo.framework in Frameworks */,
				5D50AAFD1CBCA61C00C53185 /* IOKit.framework in Frameworks */,
				5D50AAFB1CBCA60C00C53185 /* Cocoa.framework in Frameworks */,
				5DEB936D1CB9B98A001DFB55 /* OpenGL.framework in Frameworks */,
				5D50AAF11CBCA21200C53185 /* libglfw3.a in Frameworks */,
			);
			runOnlyForDeploymentPostprocessing = 0;
		};
/* End PBXFrameworksBuildPhase section */

/* Begin PBXGroup section */
		5D2EC9EA1CBB0D1A00ACB621 /* src */ = {
			isa = PBXGroup;
			children = (
				5D2EC9EB1CBB0D1A00ACB621 /* rect.cpp */,
				5D2EC9ED1CBB0D1A00ACB621 /* window.cpp */,
				5D2EC9F11CBB1AA300ACB621 /* app.cpp */,
				5DAE365C1CC047CE0077B3D4 /* theme.cpp */,
				5D4E9F0D1CC2319000239DAE /* context.cpp */,
				5D03A3691CC994B700329057 /* cursor.cpp */,
				5D8733F51CBB8B5C0003E9DD /* widget */,
			);
			indentWidth = 3;
			name = src;
			path = ../../src;
			sourceTree = "<group>";
			tabWidth = 3;
		};
		5D50AB011CBCBD0600C53185 /* libs */ = {
			isa = PBXGroup;
			children = (
				5D50AAF01CBCA21200C53185 /* libglfw3.a */,
				5DEB936C1CB9B98A001DFB55 /* OpenGL.framework */,
				5D50AAFF1CBCA6C100C53185 /* Carbon.framework */,
				5D50AAFC1CBCA61C00C53185 /* IOKit.framework */,
				5D50AAFA1CBCA60C00C53185 /* Cocoa.framework */,
				5D50AAF81CBCA40F00C53185 /* Foundation.framework */,
				5D50AAF61CBCA35100C53185 /* CoreVideo.framework */,
				5D50AAF41CBCA32F00C53185 /* CoreGraphics.framework */,
				5D50AAF21CBCA2E000C53185 /* CoreFoundation.framework */,
			);
			name = libs;
			sourceTree = "<group>";
		};
		5D809D0F1CC3AA97005EE2D2 /* include */ = {
			isa = PBXGroup;
			children = (
				5D809D101CC3AA97005EE2D2 /* photon */,
			);
			name = include;
			path = ../../include;
			sourceTree = "<group>";
		};
		5D809D101CC3AA97005EE2D2 /* photon */ = {
			isa = PBXGroup;
			children = (
				5D809D111CC3AA97005EE2D2 /* app.hpp */,
				5DF6B0261CDA9B6500B1C2EA /* canvas.hpp */,
				5D809D121CC3AA97005EE2D2 /* circle.hpp */,
				5D809D131CC3AA97005EE2D2 /* color.hpp */,
				5D809D141CC3AA97005EE2D2 /* context.hpp */,
				5DB082F91CD239C600C12B80 /* key.hpp */,
				5D809D151CC3AA97005EE2D2 /* point.hpp */,
				5D809D161CC3AA97005EE2D2 /* rect.hpp */,
				5D809D171CC3AA97005EE2D2 /* support.hpp */,
				5D809D181CC3AA97005EE2D2 /* theme.hpp */,
				5D03A36B1CC994C500329057 /* cursor.hpp */,
				5D809D191CC3AA97005EE2D2 /* widget */,
				5D809D231CC3AA97005EE2D2 /* window.hpp */,
			);
			indentWidth = 3;
			path = photon;
			sourceTree = "<group>";
			tabWidth = 3;
		};
		5D809D191CC3AA97005EE2D2 /* widget */ = {
			isa = PBXGroup;
			children = (
				5D52EE121CF03C120004CC61 /* drawing.hpp */,
				5D52EE141CF03EAD0004CC61 /* basic.cpp */,
				5D6B28071CC8E0CA0034248D /* button.hpp */,
				5D809D1A1CC3AA97005EE2D2 /* align.hpp */,
				5D809D1B1CC3AA97005EE2D2 /* text.hpp */,
				5D1DFFFD1CD8946E00B4C91B /* icon.hpp */,
				5D809D1C1CC3AA97005EE2D2 /* layer.hpp */,
				5D809D1D1CC3AA97005EE2D2 /* margin.hpp */,
				5D809D1E1CC3AA97005EE2D2 /* basic.hpp */,
				5D809D1F1CC3AA97005EE2D2 /* size.hpp */,
				5D809D201CC3AA97005EE2D2 /* slider.hpp */,
				5DF8A6521CE9ED7B00EBF7CC /* knob.hpp */,
				5D809D211CC3AA97005EE2D2 /* tile.hpp */,
				5D809D221CC3AA97005EE2D2 /* widget.hpp */,
				5DAFFF3D1CCC221500C94683 /* image.hpp */,
				5D736D9A1CCF8C4D006A2B3E /* port.hpp */,
			);
			path = widget;
			sourceTree = "<group>";
		};
		5D8733F51CBB8B5C0003E9DD /* widget */ = {
			isa = PBXGroup;
			children = (
				5D52EE101CF03C030004CC61 /* drawing.cpp */,
				5D809D241CC3BA7E005EE2D2 /* text.cpp */,
				5D8733F61CBB8B5C0003E9DD /* widget.cpp */,
				5D0E99031CBE63BA009B943D /* tile.cpp */,
				5D4E9F091CC1BFEB00239DAE /* slider.cpp */,
				5DF8A6501CE9DD6E00EBF7CC /* knob.cpp */,
				5D4E9F0B1CC1C87600239DAE /* layer.cpp */,
				5DEBD3E51CC8494F00B3EA86 /* button.cpp */,
				5DAFFF3B1CCC220B00C94683 /* image.cpp */,
				5DAFFF3E1CCC2BEC00C94683 /* port.cpp */,
			);
			path = widget;
			sourceTree = "<group>";
		};
		5DEB93571CB9B84D001DFB55 = {
			isa = PBXGroup;
			children = (
				5D50AB011CBCBD0600C53185 /* libs */,
				5DEB93701CB9BC1A001DFB55 /* nanovg */,
				5DEB93871CB9C42B001DFB55 /* test */,
				5D809D0F1CC3AA97005EE2D2 /* include */,
				5D2EC9EA1CBB0D1A00ACB621 /* src */,
				5DEB93611CB9B84D001DFB55 /* Products */,
			);
			indentWidth = 3;
			sourceTree = "<group>";
			tabWidth = 3;
		};
		5DEB93611CB9B84D001DFB55 /* Products */ = {
			isa = PBXGroup;
			children = (
				5DEB93601CB9B84D001DFB55 /* photon_gui */,
				5D83CFDD1CE353020009D9F3 /* libphoton_lib.a */,
			);
			name = Products;
			sourceTree = "<group>";
		};
		5DEB93701CB9BC1A001DFB55 /* nanovg */ = {
			isa = PBXGroup;
			children = (
				5DEB93851CB9BFAD001DFB55 /* nanovg.c */,
			);
			name = nanovg;
			path = ../../nanovg/src;
			sourceTree = "<group>";
		};
		5DEB93871CB9C42B001DFB55 /* test */ = {
			isa = PBXGroup;
			children = (
				5DEB938A1CB9C42B001DFB55 /* test.cpp */,
			);
			name = test;
			path = ../../test;
			sourceTree = "<group>";
		};
/* End PBXGroup section */

/* Begin PBXHeadersBuildPhase section */
		5D83CFDB1CE353020009D9F3 /* Headers */ = {
			isa = PBXHeadersBuildPhase;
			buildActionMask = 2147483647;
			files = (
				5DF8A6531CE9ED7B00EBF7CC /* knob.hpp in Headers */,
				5D52EE131CF03C120004CC61 /* drawing.hpp in Headers */,
			);
			runOnlyForDeploymentPostprocessing = 0;
		};
/* End PBXHeadersBuildPhase section */

/* Begin PBXNativeTarget section */
		5D83CFDC1CE353020009D9F3 /* photon_lib */ = {
			isa = PBXNativeTarget;
			buildConfigurationList = 5D83CFDE1CE353020009D9F3 /* Build configuration list for PBXNativeTarget "photon_lib" */;
			buildPhases = (
				5D83CFD91CE353020009D9F3 /* Sources */,
				5D83CFDA1CE353020009D9F3 /* Frameworks */,
				5D83CFDB1CE353020009D9F3 /* Headers */,
			);
			buildRules = (
			);
			dependencies = (
			);
			name = photon_lib;
			productName = photon_lib;
			productReference = 5D83CFDD1CE353020009D9F3 /* libphoton_lib.a */;
			productType = "com.apple.product-type.library.static";
		};
		5DEB935F1CB9B84D001DFB55 /* photon_gui */ = {
			isa = PBXNativeTarget;
			buildConfigurationList = 5DEB93671CB9B84D001DFB55 /* Build configuration list for PBXNativeTarget "photon_gui" */;
			buildPhases = (
				5DEB935C1CB9B84D001DFB55 /* Sources */,
				5DEB935D1CB9B84D001DFB55 /* Frameworks */,
				5DEB935E1CB9B84D001DFB55 /* CopyFiles */,
			);
			buildRules = (
			);
			dependencies = (
			);
			name = photon_gui;
			productName = photon_gui;
			productReference = 5DEB93601CB9B84D001DFB55 /* photon_gui */;
			productType = "com.apple.product-type.tool";
		};
/* End PBXNativeTarget section */

/* Begin PBXProject section */
		5DEB93581CB9B84D001DFB55 /* Project object */ = {
			isa = PBXProject;
			attributes = {
				LastUpgradeCheck = 0620;
				ORGANIZATIONNAME = "Cycfi Research";
				TargetAttributes = {
					5D83CFDC1CE353020009D9F3 = {
						CreatedOnToolsVersion = 6.2;
					};
					5DEB935F1CB9B84D001DFB55 = {
						CreatedOnToolsVersion = 6.2;
					};
				};
			};
			buildConfigurationList = 5DEB935B1CB9B84D001DFB55 /* Build configuration list for PBXProject "photon_gui" */;
			compatibilityVersion = "Xcode 3.2";
			developmentRegion = English;
			hasScannedForEncodings = 0;
			knownRegions = (
				en,
			);
			mainGroup = 5DEB93571CB9B84D001DFB55;
			productRefGroup = 5DEB93611CB9B84D001DFB55 /* Products */;
			projectDirPath = "";
			projectRoot = "";
			targets = (
				5DEB935F1CB9B84D001DFB55 /* photon_gui */,
				5D83CFDC1CE353020009D9F3 /* photon_lib */,
			);
		};
/* End PBXProject section */

/* Begin PBXSourcesBuildPhase section */
		5D83CFD91CE353020009D9F3 /* Sources */ = {
			isa = PBXSourcesBuildPhase;
			buildActionMask = 2147483647;
			files = (
				5D83CFE71CE353260009D9F3 /* text.cpp in Sources */,
				5D83CFEF1CE353260009D9F3 /* button.cpp in Sources */,
				5D83CFE31CE353200009D9F3 /* app.cpp in Sources */,
				5D83CFE61CE353200009D9F3 /* cursor.cpp in Sources */,
				5D83CFEA1CE353260009D9F3 /* tile.cpp in Sources */,
				5D83CFE41CE353200009D9F3 /* theme.cpp in Sources */,
				5D83CFED1CE353260009D9F3 /* slider.cpp in Sources */,
				5D83CFE51CE353200009D9F3 /* context.cpp in Sources */,
				5D23FF881CEE848D0053FE7A /* knob.cpp in Sources */,
				5D83CFEE1CE353260009D9F3 /* layer.cpp in Sources */,
				5D83CFE11CE353200009D9F3 /* rect.cpp in Sources */,
				5D83CFF01CE353260009D9F3 /* image.cpp in Sources */,
				5D52EE151CF03EAD0004CC61 /* basic.cpp in Sources */,
				5D83CFF11CE353260009D9F3 /* port.cpp in Sources */,
				5D83CFE21CE353200009D9F3 /* window.cpp in Sources */,
				5D83CFE81CE353260009D9F3 /* widget.cpp in Sources */,
			);
			runOnlyForDeploymentPostprocessing = 0;
		};
		5DEB935C1CB9B84D001DFB55 /* Sources */ = {
			isa = PBXSourcesBuildPhase;
			buildActionMask = 2147483647;
			files = (
				5DAE365D1CC047CE0077B3D4 /* theme.cpp in Sources */,
				5D4E9F0E1CC2319000239DAE /* context.cpp in Sources */,
				5DEB93861CB9BFAD001DFB55 /* nanovg.c in Sources */,
				5D03A36A1CC994B700329057 /* cursor.cpp in Sources */,
				5D52EE111CF03C030004CC61 /* drawing.cpp in Sources */,
				5D2EC9F01CBB0D1A00ACB621 /* window.cpp in Sources */,
				5D1DFFFA1CD88FEB00B4C91B /* slider.cpp in Sources */,
				5D1DFFFE1CD8958E00B4C91B /* button.cpp in Sources */,
				5D8733F71CBB8B5C0003E9DD /* widget.cpp in Sources */,
				5D1DFFFC1CD892E300B4C91B /* text.cpp in Sources */,
				5DE7F50E1CC06586009293EB /* test.cpp in Sources */,
				5D52EE161CF03EB20004CC61 /* basic.cpp in Sources */,
				5D1DFFFB1CD8901500B4C91B /* layer.cpp in Sources */,
				5D2EC9F21CBB1AA300ACB621 /* app.cpp in Sources */,
				5D2EC9EE1CBB0D1A00ACB621 /* rect.cpp in Sources */,
				5D1DFFFF1CD8B01600B4C91B /* port.cpp in Sources */,
				5DF8A6511CE9DD6E00EBF7CC /* knob.cpp in Sources */,
				5DAFFF3C1CCC220B00C94683 /* image.cpp in Sources */,
				5D3EC3A61CD81F0900BE5E6B /* tile.cpp in Sources */,
			);
			runOnlyForDeploymentPostprocessing = 0;
		};
/* End PBXSourcesBuildPhase section */

/* Begin XCBuildConfiguration section */
		5D83CFDF1CE353020009D9F3 /* Debug */ = {
			isa = XCBuildConfiguration;
			buildSettings = {
				CLANG_CXX_LANGUAGE_STANDARD = "c++14";
				EXECUTABLE_PREFIX = lib;
				GCC_PREPROCESSOR_DEFINITIONS = (
					"DEBUG=1",
					"$(inherited)",
				);
				MACOSX_DEPLOYMENT_TARGET = 10.10;
				PRODUCT_NAME = "$(TARGET_NAME)";
			};
			name = Debug;
		};
		5D83CFE01CE353020009D9F3 /* Release */ = {
			isa = XCBuildConfiguration;
			buildSettings = {
				CLANG_CXX_LANGUAGE_STANDARD = "c++14";
				EXECUTABLE_PREFIX = lib;
				MACOSX_DEPLOYMENT_TARGET = 10.10;
				PRODUCT_NAME = "$(TARGET_NAME)";
			};
			name = Release;
		};
		5DEB93651CB9B84D001DFB55 /* Debug */ = {
			isa = XCBuildConfiguration;
			buildSettings = {
				ALWAYS_SEARCH_USER_PATHS = NO;
				CLANG_CXX_LANGUAGE_STANDARD = "gnu++0x";
				CLANG_CXX_LIBRARY = "libc++";
				CLANG_ENABLE_MODULES = YES;
				CLANG_ENABLE_OBJC_ARC = YES;
				CLANG_WARN_BOOL_CONVERSION = YES;
				CLANG_WARN_CONSTANT_CONVERSION = YES;
				CLANG_WARN_DIRECT_OBJC_ISA_USAGE = YES_ERROR;
				CLANG_WARN_EMPTY_BODY = YES;
				CLANG_WARN_ENUM_CONVERSION = YES;
				CLANG_WARN_INT_CONVERSION = YES;
				CLANG_WARN_OBJC_ROOT_CLASS = YES_ERROR;
				CLANG_WARN_UNREACHABLE_CODE = YES;
				CLANG_WARN__DUPLICATE_METHOD_MATCH = YES;
				COPY_PHASE_STRIP = NO;
				ENABLE_STRICT_OBJC_MSGSEND = YES;
				GCC_C_LANGUAGE_STANDARD = gnu99;
				GCC_DYNAMIC_NO_PIC = NO;
				GCC_OPTIMIZATION_LEVEL = 0;
				GCC_PREPROCESSOR_DEFINITIONS = (
					"DEBUG=1",
					"$(inherited)",
				);
				GCC_SYMBOLS_PRIVATE_EXTERN = NO;
				GCC_WARN_64_TO_32_BIT_CONVERSION = YES;
				GCC_WARN_ABOUT_RETURN_TYPE = YES_ERROR;
				GCC_WARN_UNDECLARED_SELECTOR = YES;
				GCC_WARN_UNINITIALIZED_AUTOS = YES_AGGRESSIVE;
				GCC_WARN_UNUSED_FUNCTION = YES;
				GCC_WARN_UNUSED_VARIABLE = YES;
				HEADER_SEARCH_PATHS = (
					"$(inherited)",
					/Applications/Xcode6.app/Contents/Developer/Toolchains/XcodeDefault.xctoolchain/usr/include,
					/usr/local/include,
					../../libs/nanovg/src,
					../../include,
				);
				LIBRARY_SEARCH_PATHS = (
					"$(inherited)",
					/usr/local/lib,
				);
				MACOSX_DEPLOYMENT_TARGET = 10.11;
				MTL_ENABLE_DEBUG_INFO = YES;
				ONLY_ACTIVE_ARCH = YES;
				SDKROOT = macosx;
			};
			name = Debug;
		};
		5DEB93661CB9B84D001DFB55 /* Release */ = {
			isa = XCBuildConfiguration;
			buildSettings = {
				ALWAYS_SEARCH_USER_PATHS = NO;
				CLANG_CXX_LANGUAGE_STANDARD = "gnu++0x";
				CLANG_CXX_LIBRARY = "libc++";
				CLANG_ENABLE_MODULES = YES;
				CLANG_ENABLE_OBJC_ARC = YES;
				CLANG_WARN_BOOL_CONVERSION = YES;
				CLANG_WARN_CONSTANT_CONVERSION = YES;
				CLANG_WARN_DIRECT_OBJC_ISA_USAGE = YES_ERROR;
				CLANG_WARN_EMPTY_BODY = YES;
				CLANG_WARN_ENUM_CONVERSION = YES;
				CLANG_WARN_INT_CONVERSION = YES;
				CLANG_WARN_OBJC_ROOT_CLASS = YES_ERROR;
				CLANG_WARN_UNREACHABLE_CODE = YES;
				CLANG_WARN__DUPLICATE_METHOD_MATCH = YES;
				COPY_PHASE_STRIP = NO;
				DEBUG_INFORMATION_FORMAT = "dwarf-with-dsym";
				ENABLE_NS_ASSERTIONS = NO;
				ENABLE_STRICT_OBJC_MSGSEND = YES;
				GCC_C_LANGUAGE_STANDARD = gnu99;
				GCC_WARN_64_TO_32_BIT_CONVERSION = YES;
				GCC_WARN_ABOUT_RETURN_TYPE = YES_ERROR;
				GCC_WARN_UNDECLARED_SELECTOR = YES;
				GCC_WARN_UNINITIALIZED_AUTOS = YES_AGGRESSIVE;
				GCC_WARN_UNUSED_FUNCTION = YES;
				GCC_WARN_UNUSED_VARIABLE = YES;
				HEADER_SEARCH_PATHS = (
					"$(inherited)",
					/Applications/Xcode6.app/Contents/Developer/Toolchains/XcodeDefault.xctoolchain/usr/include,
					/usr/local/include,
					../../libs/nanovg/src,
					../../include,
				);
				LIBRARY_SEARCH_PATHS = (
					"$(inherited)",
					/usr/local/lib,
				);
				MACOSX_DEPLOYMENT_TARGET = 10.11;
				MTL_ENABLE_DEBUG_INFO = NO;
				SDKROOT = macosx;
			};
			name = Release;
		};
		5DEB93681CB9B84D001DFB55 /* Debug */ = {
			isa = XCBuildConfiguration;
			buildSettings = {
				CLANG_CXX_LANGUAGE_STANDARD = "c++14";
				HEADER_SEARCH_PATHS = "$(inherited)";
				LIBRARY_SEARCH_PATHS = "$(inherited)";
				MACOSX_DEPLOYMENT_TARGET = 10.10;
				PRODUCT_NAME = "$(TARGET_NAME)";
			};
			name = Debug;
		};
		5DEB93691CB9B84D001DFB55 /* Release */ = {
			isa = XCBuildConfiguration;
			buildSettings = {
				CLANG_CXX_LANGUAGE_STANDARD = "c++14";
				HEADER_SEARCH_PATHS = "$(inherited)";
				LIBRARY_SEARCH_PATHS = "$(inherited)";
				MACOSX_DEPLOYMENT_TARGET = 10.10;
				PRODUCT_NAME = "$(TARGET_NAME)";
			};
			name = Release;
		};
/* End XCBuildConfiguration section */

/* Begin XCConfigurationList section */
		5D83CFDE1CE353020009D9F3 /* Build configuration list for PBXNativeTarget "photon_lib" */ = {
			isa = XCConfigurationList;
			buildConfigurations = (
				5D83CFDF1CE353020009D9F3 /* Debug */,
				5D83CFE01CE353020009D9F3 /* Release */,
			);
			defaultConfigurationIsVisible = 0;
			defaultConfigurationName = Release;
		};
		5DEB935B1CB9B84D001DFB55 /* Build configuration list for PBXProject "photon_gui" */ = {
			isa = XCConfigurationList;
			buildConfigurations = (
				5DEB93651CB9B84D001DFB55 /* Debug */,
				5DEB93661CB9B84D001DFB55 /* Release */,
			);
			defaultConfigurationIsVisible = 0;
			defaultConfigurationName = Release;
		};
		5DEB93671CB9B84D001DFB55 /* Build configuration list for PBXNativeTarget "photon_gui" */ = {
			isa = XCConfigurationList;
			buildConfigurations = (
				5DEB93681CB9B84D001DFB55 /* Debug */,
				5DEB93691CB9B84D001DFB55 /* Release */,
			);
			defaultConfigurationIsVisible = 0;
			defaultConfigurationName = Release;
		};
/* End XCConfigurationList section */
	};
	rootObject = 5DEB93581CB9B84D001DFB55 /* Project object */;
}
