// !$*UTF8*$!
{
	archiveVersion = 1;
	classes = {
	};
	objectVersion = 46;
	objects = {

/* Begin PBXBuildFile section */
		5D04B9D41E62DD89005FF558 /* libPhoton.a in Frameworks */ = {isa = PBXBuildFile; fileRef = 5D04B9D11E62DD47005FF558 /* libPhoton.a */; };
		5D04B9E01E62E8FE005FF558 /* libcairo.a in Frameworks */ = {isa = PBXBuildFile; fileRef = 5D04B9DC1E62E8FE005FF558 /* libcairo.a */; };
		5D04B9E11E62E8FE005FF558 /* libboost_filesystem-clang-darwin42-1_61.a in Frameworks */ = {isa = PBXBuildFile; fileRef = 5D04B9DD1E62E8FE005FF558 /* libboost_filesystem-clang-darwin42-1_61.a */; };
		5D04B9E21E62E8FE005FF558 /* libboost_system-clang-darwin42-1_61.a in Frameworks */ = {isa = PBXBuildFile; fileRef = 5D04B9DE1E62E8FE005FF558 /* libboost_system-clang-darwin42-1_61.a */; };
		5D52D9D81E64360E00A1AB51 /* PhotonView.mm in Sources */ = {isa = PBXBuildFile; fileRef = 5D52D9D71E64360E00A1AB51 /* PhotonView.mm */; };
		5D58AE6B1E53FB930044E571 /* AppDelegate.m in Sources */ = {isa = PBXBuildFile; fileRef = 5D58AE691E53FB930044E571 /* AppDelegate.m */; };
		5D58AE6C1E53FB930044E571 /* main.m in Sources */ = {isa = PBXBuildFile; fileRef = 5D58AE6A1E53FB930044E571 /* main.m */; };
		5D58AE6E1E53FBB30044E571 /* Info.plist in Resources */ = {isa = PBXBuildFile; fileRef = 5D58AE6D1E53FBB30044E571 /* Info.plist */; };
		5D58AE701E53FBC70044E571 /* Assets.xcassets in Resources */ = {isa = PBXBuildFile; fileRef = 5D58AE6F1E53FBC70044E571 /* Assets.xcassets */; };
		5D58AE731E53FBD70044E571 /* MainMenu.xib in Resources */ = {isa = PBXBuildFile; fileRef = 5D58AE711E53FBD70044E571 /* MainMenu.xib */; };
		5DDBCBBB1DB447A000E821BE /* images in Resources */ = {isa = PBXBuildFile; fileRef = 5DC84A651DA4E322008E7EE3 /* images */; };
		5DDBCBBC1DB447A000E821BE /* BlairMdITC TT-Medium in Resources */ = {isa = PBXBuildFile; fileRef = 5DC84A671DA4E881008E7EE3 /* BlairMdITC TT-Medium */; };
		5DDBCBBD1DB447A000E821BE /* Roboto-Bold.ttf in Resources */ = {isa = PBXBuildFile; fileRef = 5DC84A5C1DA4E300008E7EE3 /* Roboto-Bold.ttf */; };
		5DDBCBBE1DB447A000E821BE /* photon_basic.ttf in Resources */ = {isa = PBXBuildFile; fileRef = 5D5C65C31D7BD696002197F8 /* photon_basic.ttf */; };
		5DDBCBC01DB447A000E821BE /* OpenSans-Bold.ttf in Resources */ = {isa = PBXBuildFile; fileRef = 5DC84A591DA4E300008E7EE3 /* OpenSans-Bold.ttf */; };
		5DDBCBC11DB447A000E821BE /* OpenSans-Light.ttf in Resources */ = {isa = PBXBuildFile; fileRef = 5DC84A5A1DA4E300008E7EE3 /* OpenSans-Light.ttf */; };
		5DDBCBC21DB447A000E821BE /* OpenSans-Regular.ttf in Resources */ = {isa = PBXBuildFile; fileRef = 5DC84A5B1DA4E300008E7EE3 /* OpenSans-Regular.ttf */; };
		5DDBCBC31DB447A000E821BE /* Roboto-Regular.ttf in Resources */ = {isa = PBXBuildFile; fileRef = 5DC84A5E1DA4E300008E7EE3 /* Roboto-Regular.ttf */; };
		5DDBCBC41DB447A000E821BE /* Roboto-Light.ttf in Resources */ = {isa = PBXBuildFile; fileRef = 5DC84A5D1DA4E300008E7EE3 /* Roboto-Light.ttf */; };
		5DDBCBCD1DB447EE00E821BE /* init.cpp in Sources */ = {isa = PBXBuildFile; fileRef = 5DDBCBCC1DB447EE00E821BE /* init.cpp */; };
/* End PBXBuildFile section */

/* Begin PBXContainerItemProxy section */
		5D04B9D01E62DD47005FF558 /* PBXContainerItemProxy */ = {
			isa = PBXContainerItemProxy;
			containerPortal = 5D04B9CC1E62DD47005FF558 /* Photon.xcodeproj */;
			proxyType = 2;
			remoteGlobalIDString = 5D03C4E01E62D1ED002D8798;
			remoteInfo = Photon;
		};
		5D04B9D21E62DD7E005FF558 /* PBXContainerItemProxy */ = {
			isa = PBXContainerItemProxy;
			containerPortal = 5D04B9CC1E62DD47005FF558 /* Photon.xcodeproj */;
			proxyType = 1;
			remoteGlobalIDString = 5D03C4DF1E62D1ED002D8798;
			remoteInfo = Photon;
		};
/* End PBXContainerItemProxy section */

/* Begin PBXFileReference section */
		5D04B9CC1E62DD47005FF558 /* Photon.xcodeproj */ = {isa = PBXFileReference; lastKnownFileType = "wrapper.pb-project"; name = Photon.xcodeproj; path = ../../../../lib/platform/osx/Photon.xcodeproj; sourceTree = "<group>"; };
		5D04B9DC1E62E8FE005FF558 /* libcairo.a */ = {isa = PBXFileReference; lastKnownFileType = archive.ar; path = libcairo.a; sourceTree = LIB; };
		5D04B9DD1E62E8FE005FF558 /* libboost_filesystem-clang-darwin42-1_61.a */ = {isa = PBXFileReference; lastKnownFileType = archive.ar; name = "libboost_filesystem-clang-darwin42-1_61.a"; path = "stage/lib/libboost_filesystem-clang-darwin42-1_61.a"; sourceTree = BOOST_ROOT; };
		5D04B9DE1E62E8FE005FF558 /* libboost_system-clang-darwin42-1_61.a */ = {isa = PBXFileReference; lastKnownFileType = archive.ar; name = "libboost_system-clang-darwin42-1_61.a"; path = "stage/lib/libboost_system-clang-darwin42-1_61.a"; sourceTree = BOOST_ROOT; };
		5D52D9D71E64360E00A1AB51 /* PhotonView.mm */ = {isa = PBXFileReference; fileEncoding = 4; lastKnownFileType = sourcecode.cpp.objcpp; name = PhotonView.mm; path = ../overtone/lib/photon/platform/osx/photon/src/PhotonView.mm; sourceTree = PHOTON_ROOT; };
		5D58AE681E53FB930044E571 /* AppDelegate.h */ = {isa = PBXFileReference; fileEncoding = 4; lastKnownFileType = sourcecode.c.h; name = AppDelegate.h; path = platform/osx/AppDelegate.h; sourceTree = "<group>"; };
		5D58AE691E53FB930044E571 /* AppDelegate.m */ = {isa = PBXFileReference; fileEncoding = 4; lastKnownFileType = sourcecode.c.objc; name = AppDelegate.m; path = platform/osx/AppDelegate.m; sourceTree = "<group>"; };
		5D58AE6A1E53FB930044E571 /* main.m */ = {isa = PBXFileReference; fileEncoding = 4; lastKnownFileType = sourcecode.c.objc; name = main.m; path = platform/osx/main.m; sourceTree = "<group>"; };
		5D58AE6D1E53FBB30044E571 /* Info.plist */ = {isa = PBXFileReference; fileEncoding = 4; lastKnownFileType = text.plist.xml; name = Info.plist; path = platform/osx/Info.plist; sourceTree = "<group>"; };
		5D58AE6F1E53FBC70044E571 /* Assets.xcassets */ = {isa = PBXFileReference; lastKnownFileType = folder.assetcatalog; name = Assets.xcassets; path = platform/osx/Assets.xcassets; sourceTree = "<group>"; };
		5D58AE721E53FBD70044E571 /* Base */ = {isa = PBXFileReference; lastKnownFileType = file.xib; name = Base; path = platform/osx/Base.lproj/MainMenu.xib; sourceTree = "<group>"; };
		5D5C65C31D7BD696002197F8 /* photon_basic.ttf */ = {isa = PBXFileReference; lastKnownFileType = file; name = photon_basic.ttf; path = ../../assets/fonts/photon_basic.ttf; sourceTree = "<group>"; };
		5DC84A591DA4E300008E7EE3 /* OpenSans-Bold.ttf */ = {isa = PBXFileReference; lastKnownFileType = file; name = "OpenSans-Bold.ttf"; path = "../../assets/fonts/OpenSans-Bold.ttf"; sourceTree = "<group>"; };
		5DC84A5A1DA4E300008E7EE3 /* OpenSans-Light.ttf */ = {isa = PBXFileReference; lastKnownFileType = file; name = "OpenSans-Light.ttf"; path = "../../assets/fonts/OpenSans-Light.ttf"; sourceTree = "<group>"; };
		5DC84A5B1DA4E300008E7EE3 /* OpenSans-Regular.ttf */ = {isa = PBXFileReference; lastKnownFileType = file; name = "OpenSans-Regular.ttf"; path = "../../assets/fonts/OpenSans-Regular.ttf"; sourceTree = "<group>"; };
		5DC84A5C1DA4E300008E7EE3 /* Roboto-Bold.ttf */ = {isa = PBXFileReference; lastKnownFileType = file; name = "Roboto-Bold.ttf"; path = "../../assets/fonts/Roboto-Bold.ttf"; sourceTree = "<group>"; };
		5DC84A5D1DA4E300008E7EE3 /* Roboto-Light.ttf */ = {isa = PBXFileReference; lastKnownFileType = file; name = "Roboto-Light.ttf"; path = "../../assets/fonts/Roboto-Light.ttf"; sourceTree = "<group>"; };
		5DC84A5E1DA4E300008E7EE3 /* Roboto-Regular.ttf */ = {isa = PBXFileReference; lastKnownFileType = file; name = "Roboto-Regular.ttf"; path = "../../assets/fonts/Roboto-Regular.ttf"; sourceTree = "<group>"; };
		5DC84A651DA4E322008E7EE3 /* images */ = {isa = PBXFileReference; lastKnownFileType = folder; name = images; path = assets/images; sourceTree = "<group>"; };
		5DC84A671DA4E881008E7EE3 /* BlairMdITC TT-Medium */ = {isa = PBXFileReference; fileEncoding = 4; lastKnownFileType = text; name = "BlairMdITC TT-Medium"; path = "../../assets/fonts/BlairMdITC TT-Medium"; sourceTree = "<group>"; };
		5DDBCBC91DB447A000E821BE /* Image.app */ = {isa = PBXFileReference; explicitFileType = wrapper.application; includeInIndex = 0; path = Image.app; sourceTree = BUILT_PRODUCTS_DIR; };
		5DDBCBCC1DB447EE00E821BE /* init.cpp */ = {isa = PBXFileReference; fileEncoding = 4; lastKnownFileType = sourcecode.cpp.cpp; path = init.cpp; sourceTree = "<group>"; };
/* End PBXFileReference section */

/* Begin PBXFrameworksBuildPhase section */
		5DDBCBB61DB447A000E821BE /* Frameworks */ = {
			isa = PBXFrameworksBuildPhase;
			buildActionMask = 2147483647;
			files = (
				5D04B9E21E62E8FE005FF558 /* libboost_system-clang-darwin42-1_61.a in Frameworks */,
				5D04B9E01E62E8FE005FF558 /* libcairo.a in Frameworks */,
				5D04B9E11E62E8FE005FF558 /* libboost_filesystem-clang-darwin42-1_61.a in Frameworks */,
				5D04B9D41E62DD89005FF558 /* libPhoton.a in Frameworks */,
			);
			runOnlyForDeploymentPostprocessing = 0;
		};
/* End PBXFrameworksBuildPhase section */

/* Begin PBXGroup section */
		5D04B9CD1E62DD47005FF558 /* Products */ = {
			isa = PBXGroup;
			children = (
				5D04B9D11E62DD47005FF558 /* libPhoton.a */,
			);
			name = Products;
			sourceTree = "<group>";
		};
		5D04B9DF1E62E8FE005FF558 /* lib */ = {
			isa = PBXGroup;
			children = (
				5D04B9CC1E62DD47005FF558 /* Photon.xcodeproj */,
				5D04B9DC1E62E8FE005FF558 /* libcairo.a */,
				5D04B9DD1E62E8FE005FF558 /* libboost_filesystem-clang-darwin42-1_61.a */,
				5D04B9DE1E62E8FE005FF558 /* libboost_system-clang-darwin42-1_61.a */,
			);
			name = lib;
			sourceTree = "<group>";
		};
		5D565EC01D605F5D00FD087C = {
			isa = PBXGroup;
			children = (
				5D04B9DF1E62E8FE005FF558 /* lib */,
				5DDBCBCE1DB447F500E821BE /* app */,
				5D5C65C21D7BD67C002197F8 /* fonts */,
				5D565ECA1D605F5D00FD087C /* Products */,
			);
			sourceTree = "<group>";
		};
		5D565ECA1D605F5D00FD087C /* Products */ = {
			isa = PBXGroup;
			children = (
				5DDBCBC91DB447A000E821BE /* Image.app */,
			);
			name = Products;
			sourceTree = "<group>";
		};
		5D58AE741E53FC410044E571 /* platform */ = {
			isa = PBXGroup;
			children = (
				5D58AE6A1E53FB930044E571 /* main.m */,
				5D58AE681E53FB930044E571 /* AppDelegate.h */,
				5D58AE691E53FB930044E571 /* AppDelegate.m */,
				5D52D9D71E64360E00A1AB51 /* PhotonView.mm */,
				5D58AE6D1E53FBB30044E571 /* Info.plist */,
				5D58AE6F1E53FBC70044E571 /* Assets.xcassets */,
				5D58AE711E53FBD70044E571 /* MainMenu.xib */,
			);
			name = platform;
			sourceTree = "<group>";
		};
		5D5C65C21D7BD67C002197F8 /* fonts */ = {
			isa = PBXGroup;
			children = (
				5DC84A671DA4E881008E7EE3 /* BlairMdITC TT-Medium */,
				5DC84A591DA4E300008E7EE3 /* OpenSans-Bold.ttf */,
				5DC84A5A1DA4E300008E7EE3 /* OpenSans-Light.ttf */,
				5DC84A5B1DA4E300008E7EE3 /* OpenSans-Regular.ttf */,
				5DC84A5C1DA4E300008E7EE3 /* Roboto-Bold.ttf */,
				5DC84A5D1DA4E300008E7EE3 /* Roboto-Light.ttf */,
				5DC84A5E1DA4E300008E7EE3 /* Roboto-Regular.ttf */,
				5D5C65C31D7BD696002197F8 /* photon_basic.ttf */,
			);
			name = fonts;
			path = assets/fonts;
			sourceTree = PHOTON_ROOT;
		};
		5DDBCBCE1DB447F500E821BE /* app */ = {
			isa = PBXGroup;
			children = (
				5DDBCBCC1DB447EE00E821BE /* init.cpp */,
				5DC84A651DA4E322008E7EE3 /* images */,
				5D58AE741E53FC410044E571 /* platform */,
			);
			name = app;
			path = ../..;
			sourceTree = SOURCE_ROOT;
		};
/* End PBXGroup section */

/* Begin PBXNativeTarget section */
		5DDBCB981DB447A000E821BE /* Image */ = {
			isa = PBXNativeTarget;
			buildConfigurationList = 5DDBCBC61DB447A000E821BE /* Build configuration list for PBXNativeTarget "Image" */;
			buildPhases = (
				5DDBCB991DB447A000E821BE /* Sources */,
				5DDBCBB61DB447A000E821BE /* Frameworks */,
				5DDBCBBA1DB447A000E821BE /* Resources */,
			);
			buildRules = (
			);
			dependencies = (
				5D04B9D31E62DD7E005FF558 /* PBXTargetDependency */,
			);
			name = Image;
			productName = Photon;
			productReference = 5DDBCBC91DB447A000E821BE /* Image.app */;
			productType = "com.apple.product-type.application";
		};
/* End PBXNativeTarget section */

/* Begin PBXProject section */
		5D565EC11D605F5D00FD087C /* Project object */ = {
			isa = PBXProject;
			attributes = {
				LastUpgradeCheck = 0730;
				ORGANIZATIONNAME = "Cycfi Research";
			};
			buildConfigurationList = 5D565EC41D605F5D00FD087C /* Build configuration list for PBXProject "Image" */;
			compatibilityVersion = "Xcode 3.2";
			developmentRegion = English;
			hasScannedForEncodings = 0;
			knownRegions = (
				en,
				Base,
			);
			mainGroup = 5D565EC01D605F5D00FD087C;
			productRefGroup = 5D565ECA1D605F5D00FD087C /* Products */;
			projectDirPath = "";
			projectReferences = (
				{
					ProductGroup = 5D04B9CD1E62DD47005FF558 /* Products */;
					ProjectRef = 5D04B9CC1E62DD47005FF558 /* Photon.xcodeproj */;
				},
			);
			projectRoot = "";
			targets = (
				5DDBCB981DB447A000E821BE /* Image */,
			);
		};
/* End PBXProject section */

/* Begin PBXReferenceProxy section */
		5D04B9D11E62DD47005FF558 /* libPhoton.a */ = {
			isa = PBXReferenceProxy;
			fileType = archive.ar;
			path = libPhoton.a;
			remoteRef = 5D04B9D01E62DD47005FF558 /* PBXContainerItemProxy */;
			sourceTree = BUILT_PRODUCTS_DIR;
		};
/* End PBXReferenceProxy section */

/* Begin PBXResourcesBuildPhase section */
		5DDBCBBA1DB447A000E821BE /* Resources */ = {
			isa = PBXResourcesBuildPhase;
			buildActionMask = 2147483647;
			files = (
				5D58AE6E1E53FBB30044E571 /* Info.plist in Resources */,
				5D58AE731E53FBD70044E571 /* MainMenu.xib in Resources */,
				5DDBCBBB1DB447A000E821BE /* images in Resources */,
				5D58AE701E53FBC70044E571 /* Assets.xcassets in Resources */,
				5DDBCBBC1DB447A000E821BE /* BlairMdITC TT-Medium in Resources */,
				5DDBCBBD1DB447A000E821BE /* Roboto-Bold.ttf in Resources */,
				5DDBCBBE1DB447A000E821BE /* photon_basic.ttf in Resources */,
				5DDBCBC01DB447A000E821BE /* OpenSans-Bold.ttf in Resources */,
				5DDBCBC11DB447A000E821BE /* OpenSans-Light.ttf in Resources */,
				5DDBCBC21DB447A000E821BE /* OpenSans-Regular.ttf in Resources */,
				5DDBCBC31DB447A000E821BE /* Roboto-Regular.ttf in Resources */,
				5DDBCBC41DB447A000E821BE /* Roboto-Light.ttf in Resources */,
			);
			runOnlyForDeploymentPostprocessing = 0;
		};
/* End PBXResourcesBuildPhase section */

/* Begin PBXSourcesBuildPhase section */
		5DDBCB991DB447A000E821BE /* Sources */ = {
			isa = PBXSourcesBuildPhase;
			buildActionMask = 2147483647;
			files = (
				5D52D9D81E64360E00A1AB51 /* PhotonView.mm in Sources */,
				5D58AE6C1E53FB930044E571 /* main.m in Sources */,
				5DDBCBCD1DB447EE00E821BE /* init.cpp in Sources */,
				5D58AE6B1E53FB930044E571 /* AppDelegate.m in Sources */,
			);
			runOnlyForDeploymentPostprocessing = 0;
		};
/* End PBXSourcesBuildPhase section */

/* Begin PBXTargetDependency section */
		5D04B9D31E62DD7E005FF558 /* PBXTargetDependency */ = {
			isa = PBXTargetDependency;
			name = Photon;
			targetProxy = 5D04B9D21E62DD7E005FF558 /* PBXContainerItemProxy */;
		};
/* End PBXTargetDependency section */

/* Begin PBXVariantGroup section */
		5D58AE711E53FBD70044E571 /* MainMenu.xib */ = {
			isa = PBXVariantGroup;
			children = (
				5D58AE721E53FBD70044E571 /* Base */,
			);
			name = MainMenu.xib;
			sourceTree = "<group>";
		};
/* End PBXVariantGroup section */

/* Begin XCBuildConfiguration section */
		5D565ED81D605F5D00FD087C /* Debug */ = {
			isa = XCBuildConfiguration;
			buildSettings = {
				ALWAYS_SEARCH_USER_PATHS = NO;
				CLANG_ANALYZER_NONNULL = YES;
				CLANG_CXX_LANGUAGE_STANDARD = "c++14";
				CLANG_CXX_LIBRARY = "libc++";
				CLANG_ENABLE_MODULES = YES;
				CLANG_ENABLE_OBJC_ARC = YES;
				CLANG_WARN_BOOL_CONVERSION = YES;
				CLANG_WARN_CONSTANT_CONVERSION = YES;
				CLANG_WARN_DIRECT_OBJC_ISA_USAGE = YES_ERROR;
				CLANG_WARN_EMPTY_BODY = YES;
				CLANG_WARN_ENUM_CONVERSION = YES;
				CLANG_WARN_INT_CONVERSION = YES;
				CLANG_WARN_OBJC_ROOT_CLASS = YES_ERROR;
				CLANG_WARN_UNREACHABLE_CODE = YES;
				CLANG_WARN__DUPLICATE_METHOD_MATCH = YES;
				CODE_SIGN_IDENTITY = "-";
				COPY_PHASE_STRIP = NO;
				DEBUG_INFORMATION_FORMAT = dwarf;
				ENABLE_STRICT_OBJC_MSGSEND = YES;
				ENABLE_TESTABILITY = YES;
				GCC_C_LANGUAGE_STANDARD = gnu99;
				GCC_DYNAMIC_NO_PIC = NO;
				GCC_NO_COMMON_BLOCKS = YES;
				GCC_OPTIMIZATION_LEVEL = 0;
				GCC_PREPROCESSOR_DEFINITIONS = "PHOTON_APP_PREFIX=";
				GCC_WARN_64_TO_32_BIT_CONVERSION = YES;
				GCC_WARN_ABOUT_RETURN_TYPE = YES_ERROR;
				GCC_WARN_UNDECLARED_SELECTOR = YES;
				GCC_WARN_UNINITIALIZED_AUTOS = YES_AGGRESSIVE;
				GCC_WARN_UNUSED_FUNCTION = YES;
				GCC_WARN_UNUSED_VARIABLE = YES;
				HEADER_SEARCH_PATHS = (
					"$(PHOTON_ROOT)/include",
					"$(PHOTON_ROOT)/platform/osx/photon/include",
					"$(BOOST_ROOT)",
					/usr/local/include/cairo,
				);
				LIBRARY_SEARCH_PATHS = (
					"$(LIB)",
					"$(BOOST_ROOT)/stage/lib",
				);
				MACOSX_DEPLOYMENT_TARGET = 10.11;
				MTL_ENABLE_DEBUG_INFO = YES;
				ONLY_ACTIVE_ARCH = YES;
				OTHER_CPLUSPLUSFLAGS = (
					"$(OTHER_CFLAGS)",
					"-ftemplate-backtrace-limit=0",
				);
				SDKROOT = macosx10.12;
			};
			name = Debug;
		};
		5D565ED91D605F5D00FD087C /* Release */ = {
			isa = XCBuildConfiguration;
			buildSettings = {
				ALWAYS_SEARCH_USER_PATHS = NO;
				CLANG_ANALYZER_NONNULL = YES;
				CLANG_CXX_LANGUAGE_STANDARD = "c++14";
				CLANG_CXX_LIBRARY = "libc++";
				CLANG_ENABLE_MODULES = YES;
				CLANG_ENABLE_OBJC_ARC = YES;
				CLANG_WARN_BOOL_CONVERSION = YES;
				CLANG_WARN_CONSTANT_CONVERSION = YES;
				CLANG_WARN_DIRECT_OBJC_ISA_USAGE = YES_ERROR;
				CLANG_WARN_EMPTY_BODY = YES;
				CLANG_WARN_ENUM_CONVERSION = YES;
				CLANG_WARN_INT_CONVERSION = YES;
				CLANG_WARN_OBJC_ROOT_CLASS = YES_ERROR;
				CLANG_WARN_UNREACHABLE_CODE = YES;
				CLANG_WARN__DUPLICATE_METHOD_MATCH = YES;
				CODE_SIGN_IDENTITY = "-";
				COPY_PHASE_STRIP = NO;
				DEBUG_INFORMATION_FORMAT = "dwarf-with-dsym";
				ENABLE_NS_ASSERTIONS = NO;
				ENABLE_STRICT_OBJC_MSGSEND = YES;
				GCC_C_LANGUAGE_STANDARD = gnu99;
				GCC_NO_COMMON_BLOCKS = YES;
				GCC_PREPROCESSOR_DEFINITIONS = "PHOTON_APP_PREFIX=";
				GCC_WARN_64_TO_32_BIT_CONVERSION = YES;
				GCC_WARN_ABOUT_RETURN_TYPE = YES_ERROR;
				GCC_WARN_UNDECLARED_SELECTOR = YES;
				GCC_WARN_UNINITIALIZED_AUTOS = YES_AGGRESSIVE;
				GCC_WARN_UNUSED_FUNCTION = YES;
				GCC_WARN_UNUSED_VARIABLE = YES;
				HEADER_SEARCH_PATHS = (
					"$(PHOTON_ROOT)/include",
					"$(PHOTON_ROOT)/platform/osx/photon/include",
					"$(BOOST_ROOT)",
					/usr/local/include/cairo,
				);
				LIBRARY_SEARCH_PATHS = (
					"$(LIB)",
					"$(BOOST_ROOT)/stage/lib",
				);
				MACOSX_DEPLOYMENT_TARGET = 10.11;
				MTL_ENABLE_DEBUG_INFO = NO;
				OTHER_CPLUSPLUSFLAGS = (
					"$(OTHER_CFLAGS)",
					"-ftemplate-backtrace-limit=0",
				);
				SDKROOT = macosx10.12;
			};
			name = Release;
		};
		5DDBCBC71DB447A000E821BE /* Debug */ = {
			isa = XCBuildConfiguration;
			buildSettings = {
				ASSETCATALOG_COMPILER_APPICON_NAME = AppIcon;
				COMBINE_HIDPI_IMAGES = YES;
				HEADER_SEARCH_PATHS = "$(inherited)";
				INFOPLIST_FILE = Info.plist;
				LD_RUNPATH_SEARCH_PATHS = "$(inherited) @executable_path/../Frameworks";
				LIBRARY_SEARCH_PATHS = "$(inherited)";
				PRODUCT_BUNDLE_IDENTIFIER = CYCFI.Photon;
				PRODUCT_NAME = "$(TARGET_NAME)";
			};
			name = Debug;
		};
		5DDBCBC81DB447A000E821BE /* Release */ = {
			isa = XCBuildConfiguration;
			buildSettings = {
				ASSETCATALOG_COMPILER_APPICON_NAME = AppIcon;
				COMBINE_HIDPI_IMAGES = YES;
				HEADER_SEARCH_PATHS = "$(inherited)";
				INFOPLIST_FILE = Info.plist;
				LD_RUNPATH_SEARCH_PATHS = "$(inherited) @executable_path/../Frameworks";
				LIBRARY_SEARCH_PATHS = "$(inherited)";
				PRODUCT_BUNDLE_IDENTIFIER = CYCFI.Photon;
				PRODUCT_NAME = "$(TARGET_NAME)";
			};
			name = Release;
		};
/* End XCBuildConfiguration section */

/* Begin XCConfigurationList section */
		5D565EC41D605F5D00FD087C /* Build configuration list for PBXProject "Image" */ = {
			isa = XCConfigurationList;
			buildConfigurations = (
				5D565ED81D605F5D00FD087C /* Debug */,
				5D565ED91D605F5D00FD087C /* Release */,
			);
			defaultConfigurationIsVisible = 0;
			defaultConfigurationName = Release;
		};
		5DDBCBC61DB447A000E821BE /* Build configuration list for PBXNativeTarget "Image" */ = {
			isa = XCConfigurationList;
			buildConfigurations = (
				5DDBCBC71DB447A000E821BE /* Debug */,
				5DDBCBC81DB447A000E821BE /* Release */,
			);
			defaultConfigurationIsVisible = 0;
			defaultConfigurationName = Release;
		};
/* End XCConfigurationList section */
	};
	rootObject = 5D565EC11D605F5D00FD087C /* Project object */;
}
